{"format_version":"1.0","provider_schemas":{"registry.terraform.io/maxlaverse/bitwarden":{"provider":{"version":0,"block":{"attributes":{"client_id":{"type":"string","description":"Client ID (env: `BW_CLIENTID`)","description_kind":"markdown","optional":true},"client_secret":{"type":"string","description":"Client Secret (env: `BW_CLIENTSECRET`). Do not commit this information in Git unless you know what you're doing. Prefer using a Terraform `variable {}` in order to inject this value from the environment.","description_kind":"markdown","optional":true},"email":{"type":"string","description":"Login Email of the Vault (env: `BW_EMAIL`).","description_kind":"markdown","required":true},"extra_ca_certs":{"type":"string","description":"Extends the well known 'root' CAs (like VeriSign) with the extra certificates in file (env: `NODE_EXTRA_CA_CERTS`).","description_kind":"markdown","optional":true},"master_password":{"type":"string","description":"Master password of the Vault (env: `BW_PASSWORD`). Do not commit this information in Git unless you know what you're doing. Prefer using a Terraform `variable {}` in order to inject this value from the environment.","description_kind":"markdown","optional":true},"server":{"type":"string","description":"Bitwarden Server URL (default: `https://vault.bitwarden.com`, env: `BW_URL`).","description_kind":"markdown","optional":true},"session_key":{"type":"string","description":"**[EXPERIMENTAL]** A Bitwarden Session Key (env: `BW_SESSION`)","description_kind":"markdown","optional":true},"vault_path":{"type":"string","description":"Alternative directory for storing the Vault locally (default: `.bitwarden/`, env: `BITWARDENCLI_APPDATA_DIR`).","description_kind":"markdown","optional":true}},"description_kind":"plain"}},"resource_schemas":{"bitwarden_attachment":{"version":0,"block":{"attributes":{"file":{"type":"string","description":"Path to the content of the attachment.","description_kind":"markdown","required":true},"file_name":{"type":"string","description":"File name","description_kind":"markdown","computed":true},"id":{"type":"string","description":"Identifier.","description_kind":"markdown","computed":true},"item_id":{"type":"string","description":"Identifier of the item the attachment belongs to","description_kind":"markdown","required":true},"size":{"type":"string","description":"Size in bytes","description_kind":"markdown","computed":true},"size_name":{"type":"string","description":"Size as string","description_kind":"markdown","computed":true},"url":{"type":"string","description":"URL","description_kind":"markdown","computed":true}},"description":"(EXPERIMENTAL) Manages a Vault item's attachment.","description_kind":"markdown"}},"bitwarden_folder":{"version":0,"block":{"attributes":{"id":{"type":"string","description":"Identifier.","description_kind":"markdown","computed":true},"name":{"type":"string","description":"Name.","description_kind":"markdown","required":true},"object":{"type":"string","description":"INTERNAL USE","description_kind":"markdown","computed":true}},"description":"Manages a folder.","description_kind":"markdown"}},"bitwarden_item_login":{"version":0,"block":{"attributes":{"attachments":{"type":["list",["object",{"file_name":"string","id":"string","size":"string","size_name":"string","url":"string"}]],"description":"List of item attachments.","description_kind":"markdown","computed":true},"collection_ids":{"type":["list","string"],"description":"Identifier of the collections the item belongs to.","description_kind":"markdown","optional":true},"creation_date":{"type":"string","description":"Date the item was created.","description_kind":"markdown","computed":true},"deleted_date":{"type":"string","description":"Date the item was deleted.","description_kind":"markdown","computed":true},"favorite":{"type":"bool","description":"Mark as a Favorite to have item appear at the top of your Vault in the UI.","description_kind":"markdown","optional":true},"folder_id":{"type":"string","description":"Identifier of the folder.","description_kind":"markdown","optional":true},"id":{"type":"string","description":"Identifier.","description_kind":"markdown","computed":true},"name":{"type":"string","description":"Name.","description_kind":"markdown","required":true},"notes":{"type":"string","description":"Notes.","description_kind":"markdown","optional":true,"sensitive":true},"object":{"type":"string","description":"INTERNAL USE","description_kind":"markdown","computed":true},"organization_id":{"type":"string","description":"Identifier of the organization.","description_kind":"markdown","optional":true},"password":{"type":"string","description":"Login password.","description_kind":"markdown","optional":true,"sensitive":true},"reprompt":{"type":"bool","description":"Require master password “re-prompt” when displaying secret in the UI.","description_kind":"markdown","optional":true},"revision_date":{"type":"string","description":"Last time the item was updated.","description_kind":"markdown","computed":true},"totp":{"type":"string","description":"Verification code.","description_kind":"markdown","optional":true,"sensitive":true},"type":{"type":"number","description":"INTERNAL USE","description_kind":"markdown","computed":true},"username":{"type":"string","description":"Login username.","description_kind":"markdown","optional":true,"sensitive":true}},"block_types":{"field":{"nesting_mode":"list","block":{"attributes":{"boolean":{"type":"bool","description":"Value of a boolean field.","description_kind":"markdown","optional":true},"hidden":{"type":"string","description":"Value of a hidden text field.","description_kind":"markdown","optional":true},"linked":{"type":"string","description":"Value of a linked field.","description_kind":"markdown","optional":true},"name":{"type":"string","description":"Name of the field.","description_kind":"markdown","required":true},"text":{"type":"string","description":"Value of a text field.","description_kind":"markdown","optional":true}},"description":"Extra fields.","description_kind":"markdown"}},"uri":{"nesting_mode":"list","block":{"attributes":{"match":{"type":"string","description":"URI Match","description_kind":"markdown","optional":true},"value":{"type":"string","description":"URI Value","description_kind":"markdown","required":true}},"description":"URI.","description_kind":"markdown"}}},"description":"Manages a Vault Login item.","description_kind":"markdown"}},"bitwarden_item_secure_note":{"version":0,"block":{"attributes":{"attachments":{"type":["list",["object",{"file_name":"string","id":"string","size":"string","size_name":"string","url":"string"}]],"description":"List of item attachments.","description_kind":"markdown","computed":true},"collection_ids":{"type":["list","string"],"description":"Identifier of the collections the item belongs to.","description_kind":"markdown","optional":true},"creation_date":{"type":"string","description":"Date the item was created.","description_kind":"markdown","computed":true},"deleted_date":{"type":"string","description":"Date the item was deleted.","description_kind":"markdown","computed":true},"favorite":{"type":"bool","description":"Mark as a Favorite to have item appear at the top of your Vault in the UI.","description_kind":"markdown","optional":true},"folder_id":{"type":"string","description":"Identifier of the folder.","description_kind":"markdown","optional":true},"id":{"type":"string","description":"Identifier.","description_kind":"markdown","computed":true},"name":{"type":"string","description":"Name.","description_kind":"markdown","required":true},"notes":{"type":"string","description":"Notes.","description_kind":"markdown","optional":true,"sensitive":true},"object":{"type":"string","description":"INTERNAL USE","description_kind":"markdown","computed":true},"organization_id":{"type":"string","description":"Identifier of the organization.","description_kind":"markdown","optional":true},"reprompt":{"type":"bool","description":"Require master password “re-prompt” when displaying secret in the UI.","description_kind":"markdown","optional":true},"revision_date":{"type":"string","description":"Last time the item was updated.","description_kind":"markdown","computed":true},"type":{"type":"number","description":"INTERNAL USE","description_kind":"markdown","computed":true}},"block_types":{"field":{"nesting_mode":"list","block":{"attributes":{"boolean":{"type":"bool","description":"Value of a boolean field.","description_kind":"markdown","optional":true},"hidden":{"type":"string","description":"Value of a hidden text field.","description_kind":"markdown","optional":true},"linked":{"type":"string","description":"Value of a linked field.","description_kind":"markdown","optional":true},"name":{"type":"string","description":"Name of the field.","description_kind":"markdown","required":true},"text":{"type":"string","description":"Value of a text field.","description_kind":"markdown","optional":true}},"description":"Extra fields.","description_kind":"markdown"}}},"description":"Manages a Vault Secure Note item.","description_kind":"markdown"}}},"data_source_schemas":{"bitwarden_attachment":{"version":0,"block":{"attributes":{"content":{"type":"string","description":"Content of the attachment","description_kind":"markdown","computed":true},"id":{"type":"string","description":"Identifier.","description_kind":"markdown","required":true},"item_id":{"type":"string","description":"Identifier of the item the attachment belongs to","description_kind":"markdown","required":true}},"description":"(EXPERIMENTAL) Use this data source to get the content of an existing item's attachment.","description_kind":"markdown"}},"bitwarden_item_login":{"version":0,"block":{"attributes":{"attachments":{"type":["list",["object",{"file_name":"string","id":"string","size":"string","size_name":"string","url":"string"}]],"description":"List of item attachments.","description_kind":"markdown","computed":true},"collection_ids":{"type":["list","string"],"description":"Identifier of the collections the item belongs to.","description_kind":"markdown","computed":true},"creation_date":{"type":"string","description":"Date the item was created.","description_kind":"markdown","computed":true},"deleted_date":{"type":"string","description":"Date the item was deleted.","description_kind":"markdown","computed":true},"favorite":{"type":"bool","description":"Mark as a Favorite to have item appear at the top of your Vault in the UI.","description_kind":"markdown","computed":true},"field":{"type":["list",["object",{"boolean":"bool","hidden":"string","linked":"string","name":"string","text":"string"}]],"description":"Extra fields.","description_kind":"markdown","computed":true,"sensitive":true},"folder_id":{"type":"string","description":"Identifier of the folder.","description_kind":"markdown","computed":true},"id":{"type":"string","description":"Identifier.","description_kind":"markdown","required":true},"name":{"type":"string","description":"Name.","description_kind":"markdown","computed":true},"notes":{"type":"string","description":"Notes.","description_kind":"markdown","computed":true,"sensitive":true},"object":{"type":"string","description":"INTERNAL USE","description_kind":"markdown","computed":true},"organization_id":{"type":"string","description":"Identifier of the organization.","description_kind":"markdown","computed":true},"password":{"type":"string","description":"Login password.","description_kind":"markdown","computed":true,"sensitive":true},"reprompt":{"type":"bool","description":"Require master password “re-prompt” when displaying secret in the UI.","description_kind":"markdown","computed":true},"revision_date":{"type":"string","description":"Last time the item was updated.","description_kind":"markdown","computed":true},"totp":{"type":"string","description":"Verification code.","description_kind":"markdown","computed":true,"sensitive":true},"type":{"type":"number","description":"INTERNAL USE","description_kind":"markdown","computed":true},"uri":{"type":["list",["object",{"match":"string","value":"string"}]],"description":"URI.","description_kind":"markdown","computed":true},"username":{"type":"string","description":"Login username.","description_kind":"markdown","computed":true,"sensitive":true}},"description":"Use this data source to get information on an existing Login.","description_kind":"markdown"}},"bitwarden_item_secure_note":{"version":0,"block":{"attributes":{"attachments":{"type":["list",["object",{"file_name":"string","id":"string","size":"string","size_name":"string","url":"string"}]],"description":"List of item attachments.","description_kind":"markdown","computed":true},"collection_ids":{"type":["list","string"],"description":"Identifier of the collections the item belongs to.","description_kind":"markdown","computed":true},"creation_date":{"type":"string","description":"Date the item was created.","description_kind":"markdown","computed":true},"deleted_date":{"type":"string","description":"Date the item was deleted.","description_kind":"markdown","computed":true},"favorite":{"type":"bool","description":"Mark as a Favorite to have item appear at the top of your Vault in the UI.","description_kind":"markdown","computed":true},"field":{"type":["list",["object",{"boolean":"bool","hidden":"string","linked":"string","name":"string","text":"string"}]],"description":"Extra fields.","description_kind":"markdown","computed":true,"sensitive":true},"folder_id":{"type":"string","description":"Identifier of the folder.","description_kind":"markdown","computed":true},"id":{"type":"string","description":"Identifier.","description_kind":"markdown","required":true},"name":{"type":"string","description":"Name.","description_kind":"markdown","computed":true},"notes":{"type":"string","description":"Notes.","description_kind":"markdown","computed":true,"sensitive":true},"object":{"type":"string","description":"INTERNAL USE","description_kind":"markdown","computed":true},"organization_id":{"type":"string","description":"Identifier of the organization.","description_kind":"markdown","computed":true},"reprompt":{"type":"bool","description":"Require master password “re-prompt” when displaying secret in the UI.","description_kind":"markdown","computed":true},"revision_date":{"type":"string","description":"Last time the item was updated.","description_kind":"markdown","computed":true},"type":{"type":"number","description":"INTERNAL USE","description_kind":"markdown","computed":true}},"description":"Use this data source to get information on an existing Secure Note.","description_kind":"markdown"}}}}}}
